Microsoft Visual Studio Solution File, Format Version 12.00
# Visual Studio Version 17
VisualStudioVersion = 17.5.2.0
MinimumVisualStudioVersion = 10.0.40219.1
Project("{FAE04EC0-301F-11D3-BF4B-00C04F79EFBC}") = "NeuralNetworkPredictor", "NeuralNetworkPredictor\NeuralNetworkPredictor.csproj", "{44A6A369-E92B-2DAC-0761-0BCDFDC19752}"
EndProject
Global
	GlobalSection(SolutionConfigurationPlatforms) = preSolution
		Debug|Any CPU = Debug|Any CPU
		Release|Any CPU = Release|Any CPU
	EndGlobalSection
	GlobalSection(ProjectConfigurationPlatforms) = postSolution
		{44A6A369-E92B-2DAC-0761-0BCDFDC19752}.Debug|Any CPU.ActiveCfg = Debug|Any CPU
		{44A6A369-E92B-2DAC-0761-0BCDFDC19752}.Debug|Any CPU.Build.0 = Debug|Any CPU
		{44A6A369-E92B-2DAC-0761-0BCDFDC19752}.Release|Any CPU.ActiveCfg = Release|Any CPU
		{44A6A369-E92B-2DAC-0761-0BCDFDC19752}.Release|Any CPU.Build.0 = Release|Any CPU
	EndGlobalSection
	GlobalSection(SolutionProperties) = preSolution
		HideSolutionNode = FALSE
	EndGlobalSection
	GlobalSection(ExtensibilityGlobals) = postSolution
		SolutionGuid = {5CC0DF36-C2BB-43C4-B273-1DED7B684371}
	EndGlobalSection
EndGlobal
